Microsoft Visual Studio Solution File, Format Version 12.00
# Visual Studio Version 17
VisualStudioVersion = 17.5.2.0
MinimumVisualStudioVersion = 10.0.40219.1
Project("{FAE04EC0-301F-11D3-BF4B-00C04F79EFBC}") = "AnyRadiance", "AnyRadiance.csproj", "{7805D1EF-C02E-3C2F-96CE-B4A65922F45E}"
EndProject
Global
	GlobalSection(SolutionConfigurationPlatforms) = preSolution
		Debug|Any CPU = Debug|Any CPU
		Release|Any CPU = Release|Any CPU
	EndGlobalSection
	GlobalSection(ProjectConfigurationPlatforms) = postSolution
		{7805D1EF-C02E-3C2F-96CE-B4A65922F45E}.Debug|Any CPU.ActiveCfg = Debug|Any CPU
		{7805D1EF-C02E-3C2F-96CE-B4A65922F45E}.Debug|Any CPU.Build.0 = Debug|Any CPU
		{7805D1EF-C02E-3C2F-96CE-B4A65922F45E}.Release|Any CPU.ActiveCfg = Release|Any CPU
		{7805D1EF-C02E-3C2F-96CE-B4A65922F45E}.Release|Any CPU.Build.0 = Release|Any CPU
	EndGlobalSection
	GlobalSection(SolutionProperties) = preSolution
		HideSolutionNode = FALSE
	EndGlobalSection
	GlobalSection(ExtensibilityGlobals) = postSolution
		SolutionGuid = {564881E4-6AA1-4AAF-8D28-FAB14C4D56D1}
	EndGlobalSection
EndGlobal
